PODS:
  - PoporFoundation/NSString (0.0.15):
    - PoporFoundation/PrefixOs
  - PoporFoundation/PrefixOs (0.0.15)
  - PoporUI/IToast (0.0.10):
    - PoporFoundation/NSString
  - PoporWKWebVC (0.0.2):
    - PoporUI/IToast

DEPENDENCIES:
  - PoporWKWebVC (from `../`)

SPEC REPOS:
  https://github.com/cocoapods/specs.git:
    - PoporFoundation
    - PoporUI

EXTERNAL SOURCES:
  PoporWKWebVC:
    :path: "../"

SPEC CHECKSUMS:
  PoporFoundation: 0293bddbd32f0c12b80c6149105e2804ae79b16c
  PoporUI: b3d14b238a880ff286317b88ec1cce221863f415
  PoporWKWebVC: d7f3f05e734314aa997e280e537603d2ea7adccf

PODFILE CHECKSUM: 248b5d8ff0cf407967031fd08ded3d74a37b5af1

COCOAPODS: 1.6.0.beta.1
